// !$*UTF8*$!
{
	archiveVersion = 1;
	classes = {
	};
	objectVersion = 50;
	objects = {

/* Begin PBXBuildFile section */
		3A25CDF423DC78AC002FD768 /* AppDelegate.swift in Sources */ = {isa = PBXBuildFile; fileRef = 3A25CDF323DC78AC002FD768 /* AppDelegate.swift */; };
		3A25CDF623DC78AD002FD768 /* SceneDelegate.swift in Sources */ = {isa = PBXBuildFile; fileRef = 3A25CDF523DC78AD002FD768 /* SceneDelegate.swift */; };
		3A25CDF823DC78AD002FD768 /* ViewController.swift in Sources */ = {isa = PBXBuildFile; fileRef = 3A25CDF723DC78AD002FD768 /* ViewController.swift */; };
		3A25CDFB23DC78AD002FD768 /* Main.storyboard in Resources */ = {isa = PBXBuildFile; fileRef = 3A25CDF923DC78AD002FD768 /* Main.storyboard */; };
		3A25CDFD23DC78AE002FD768 /* Assets.xcassets in Resources */ = {isa = PBXBuildFile; fileRef = 3A25CDFC23DC78AE002FD768 /* Assets.xcassets */; };
		3A25CE0023DC78AE002FD768 /* LaunchScreen.storyboard in Resources */ = {isa = PBXBuildFile; fileRef = 3A25CDFE23DC78AE002FD768 /* LaunchScreen.storyboard */; };
		3A25CE0B23DC78AE002FD768 /* UdderTests.swift in Sources */ = {isa = PBXBuildFile; fileRef = 3A25CE0A23DC78AE002FD768 /* UdderTests.swift */; };
		3A25CE1623DC78AE002FD768 /* UdderUITests.swift in Sources */ = {isa = PBXBuildFile; fileRef = 3A25CE1523DC78AE002FD768 /* UdderUITests.swift */; };
/* End PBXBuildFile section */

/* Begin PBXContainerItemProxy section */
		3A25CE0723DC78AE002FD768 /* PBXContainerItemProxy */ = {
			isa = PBXContainerItemProxy;
			containerPortal = 3A25CDE823DC78AC002FD768 /* Project object */;
			proxyType = 1;
			remoteGlobalIDString = 3A25CDEF23DC78AC002FD768;
			remoteInfo = Udder;
		};
		3A25CE1223DC78AE002FD768 /* PBXContainerItemProxy */ = {
			isa = PBXContainerItemProxy;
			containerPortal = 3A25CDE823DC78AC002FD768 /* Project object */;
			proxyType = 1;
			remoteGlobalIDString = 3A25CDEF23DC78AC002FD768;
			remoteInfo = Udder;
		};
/* End PBXContainerItemProxy section */

/* Begin PBXFileReference section */
		3A25CDF023DC78AC002FD768 /* Udder.app */ = {isa = PBXFileReference; explicitFileType = wrapper.application; includeInIndex = 0; path = Udder.app; sourceTree = BUILT_PRODUCTS_DIR; };
		3A25CDF323DC78AC002FD768 /* AppDelegate.swift */ = {isa = PBXFileReference; lastKnownFileType = sourcecode.swift; path = AppDelegate.swift; sourceTree = "<group>"; };
		3A25CDF523DC78AD002FD768 /* SceneDelegate.swift */ = {isa = PBXFileReference; lastKnownFileType = sourcecode.swift; path = SceneDelegate.swift; sourceTree = "<group>"; };
		3A25CDF723DC78AD002FD768 /* ViewController.swift */ = {isa = PBXFileReference; lastKnownFileType = sourcecode.swift; path = ViewController.swift; sourceTree = "<group>"; };
		3A25CDFA23DC78AD002FD768 /* Base */ = {isa = PBXFileReference; lastKnownFileType = file.storyboard; name = Base; path = Base.lproj/Main.storyboard; sourceTree = "<group>"; };
		3A25CDFC23DC78AE002FD768 /* Assets.xcassets */ = {isa = PBXFileReference; lastKnownFileType = folder.assetcatalog; path = Assets.xcassets; sourceTree = "<group>"; };
		3A25CDFF23DC78AE002FD768 /* Base */ = {isa = PBXFileReference; lastKnownFileType = file.storyboard; name = Base; path = Base.lproj/LaunchScreen.storyboard; sourceTree = "<group>"; };
		3A25CE0123DC78AE002FD768 /* Info.plist */ = {isa = PBXFileReference; lastKnownFileType = text.plist.xml; path = Info.plist; sourceTree = "<group>"; };
		3A25CE0623DC78AE002FD768 /* UdderTests.xctest */ = {isa = PBXFileReference; explicitFileType = wrapper.cfbundle; includeInIndex = 0; path = UdderTests.xctest; sourceTree = BUILT_PRODUCTS_DIR; };
		3A25CE0A23DC78AE002FD768 /* UdderTests.swift */ = {isa = PBXFileReference; lastKnownFileType = sourcecode.swift; path = UdderTests.swift; sourceTree = "<group>"; };
		3A25CE0C23DC78AE002FD768 /* Info.plist */ = {isa = PBXFileReference; lastKnownFileType = text.plist.xml; path = Info.plist; sourceTree = "<group>"; };
		3A25CE1123DC78AE002FD768 /* UdderUITests.xctest */ = {isa = PBXFileReference; explicitFileType = wrapper.cfbundle; includeInIndex = 0; path = UdderUITests.xctest; sourceTree = BUILT_PRODUCTS_DIR; };
		3A25CE1523DC78AE002FD768 /* UdderUITests.swift */ = {isa = PBXFileReference; lastKnownFileType = sourcecode.swift; path = UdderUITests.swift; sourceTree = "<group>"; };
		3A25CE1723DC78AE002FD768 /* Info.plist */ = {isa = PBXFileReference; lastKnownFileType = text.plist.xml; path = Info.plist; sourceTree = "<group>"; };
/* End PBXFileReference section */

/* Begin PBXFrameworksBuildPhase section */
		3A25CDED23DC78AC002FD768 /* Frameworks */ = {
			isa = PBXFrameworksBuildPhase;
			buildActionMask = 2147483647;
			files = (
			);
			runOnlyForDeploymentPostprocessing = 0;
		};
		3A25CE0323DC78AE002FD768 /* Frameworks */ = {
			isa = PBXFrameworksBuildPhase;
			buildActionMask = 2147483647;
			files = (
			);
			runOnlyForDeploymentPostprocessing = 0;
		};
		3A25CE0E23DC78AE002FD768 /* Frameworks */ = {
			isa = PBXFrameworksBuildPhase;
			buildActionMask = 2147483647;
			files = (
			);
			runOnlyForDeploymentPostprocessing = 0;
		};
/* End PBXFrameworksBuildPhase section */

/* Begin PBXGroup section */
		3A25CDE723DC78AC002FD768 = {
			isa = PBXGroup;
			children = (
				3A25CDF223DC78AC002FD768 /* Udder */,
				3A25CE0923DC78AE002FD768 /* UdderTests */,
				3A25CE1423DC78AE002FD768 /* UdderUITests */,
				3A25CDF123DC78AC002FD768 /* Products */,
			);
			sourceTree = "<group>";
		};
		3A25CDF123DC78AC002FD768 /* Products */ = {
			isa = PBXGroup;
			children = (
				3A25CDF023DC78AC002FD768 /* Udder.app */,
				3A25CE0623DC78AE002FD768 /* UdderTests.xctest */,
				3A25CE1123DC78AE002FD768 /* UdderUITests.xctest */,
			);
			name = Products;
			sourceTree = "<group>";
		};
		3A25CDF223DC78AC002FD768 /* Udder */ = {
			isa = PBXGroup;
			children = (
				3A25CDF323DC78AC002FD768 /* AppDelegate.swift */,
				3A25CDF523DC78AD002FD768 /* SceneDelegate.swift */,
				3A25CDF723DC78AD002FD768 /* ViewController.swift */,
				3A25CDF923DC78AD002FD768 /* Main.storyboard */,
				3A25CDFC23DC78AE002FD768 /* Assets.xcassets */,
				3A25CDFE23DC78AE002FD768 /* LaunchScreen.storyboard */,
				3A25CE0123DC78AE002FD768 /* Info.plist */,
			);
			path = Udder;
			sourceTree = "<group>";
		};
		3A25CE0923DC78AE002FD768 /* UdderTests */ = {
			isa = PBXGroup;
			children = (
				3A25CE0A23DC78AE002FD768 /* UdderTests.swift */,
				3A25CE0C23DC78AE002FD768 /* Info.plist */,
			);
			path = UdderTests;
			sourceTree = "<group>";
		};
		3A25CE1423DC78AE002FD768 /* UdderUITests */ = {
			isa = PBXGroup;
			children = (
				3A25CE1523DC78AE002FD768 /* UdderUITests.swift */,
				3A25CE1723DC78AE002FD768 /* Info.plist */,
			);
			path = UdderUITests;
			sourceTree = "<group>";
		};
/* End PBXGroup section */

/* Begin PBXNativeTarget section */
		3A25CDEF23DC78AC002FD768 /* Udder */ = {
			isa = PBXNativeTarget;
			buildConfigurationList = 3A25CE1A23DC78AE002FD768 /* Build configuration list for PBXNativeTarget "Udder" */;
			buildPhases = (
				3A25CDEC23DC78AC002FD768 /* Sources */,
				3A25CDED23DC78AC002FD768 /* Frameworks */,
				3A25CDEE23DC78AC002FD768 /* Resources */,
			);
			buildRules = (
			);
			dependencies = (
			);
			name = Udder;
			productName = Udder;
			productReference = 3A25CDF023DC78AC002FD768 /* Udder.app */;
			productType = "com.apple.product-type.application";
		};
		3A25CE0523DC78AE002FD768 /* UdderTests */ = {
			isa = PBXNativeTarget;
			buildConfigurationList = 3A25CE1D23DC78AE002FD768 /* Build configuration list for PBXNativeTarget "UdderTests" */;
			buildPhases = (
				3A25CE0223DC78AE002FD768 /* Sources */,
				3A25CE0323DC78AE002FD768 /* Frameworks */,
				3A25CE0423DC78AE002FD768 /* Resources */,
			);
			buildRules = (
			);
			dependencies = (
				3A25CE0823DC78AE002FD768 /* PBXTargetDependency */,
			);
			name = UdderTests;
			productName = UdderTests;
			productReference = 3A25CE0623DC78AE002FD768 /* UdderTests.xctest */;
			productType = "com.apple.product-type.bundle.unit-test";
		};
		3A25CE1023DC78AE002FD768 /* UdderUITests */ = {
			isa = PBXNativeTarget;
			buildConfigurationList = 3A25CE2023DC78AE002FD768 /* Build configuration list for PBXNativeTarget "UdderUITests" */;
			buildPhases = (
				3A25CE0D23DC78AE002FD768 /* Sources */,
				3A25CE0E23DC78AE002FD768 /* Frameworks */,
				3A25CE0F23DC78AE002FD768 /* Resources */,
			);
			buildRules = (
			);
			dependencies = (
				3A25CE1323DC78AE002FD768 /* PBXTargetDependency */,
			);
			name = UdderUITests;
			productName = UdderUITests;
			productReference = 3A25CE1123DC78AE002FD768 /* UdderUITests.xctest */;
			productType = "com.apple.product-type.bundle.ui-testing";
		};
/* End PBXNativeTarget section */

/* Begin PBXProject section */
		3A25CDE823DC78AC002FD768 /* Project object */ = {
			isa = PBXProject;
			attributes = {
				LastSwiftUpdateCheck = 1130;
				LastUpgradeCheck = 1130;
				ORGANIZATIONNAME = "Riccardo Carlotto";
				TargetAttributes = {
					3A25CDEF23DC78AC002FD768 = {
						CreatedOnToolsVersion = 11.3.1;
					};
					3A25CE0523DC78AE002FD768 = {
						CreatedOnToolsVersion = 11.3.1;
						TestTargetID = 3A25CDEF23DC78AC002FD768;
					};
					3A25CE1023DC78AE002FD768 = {
						CreatedOnToolsVersion = 11.3.1;
						TestTargetID = 3A25CDEF23DC78AC002FD768;
					};
				};
			};
			buildConfigurationList = 3A25CDEB23DC78AC002FD768 /* Build configuration list for PBXProject "Udder" */;
			compatibilityVersion = "Xcode 9.3";
			developmentRegion = en;
			hasScannedForEncodings = 0;
			knownRegions = (
				en,
				Base,
			);
			mainGroup = 3A25CDE723DC78AC002FD768;
			productRefGroup = 3A25CDF123DC78AC002FD768 /* Products */;
			projectDirPath = "";
			projectRoot = "";
			targets = (
				3A25CDEF23DC78AC002FD768 /* Udder */,
				3A25CE0523DC78AE002FD768 /* UdderTests */,
				3A25CE1023DC78AE002FD768 /* UdderUITests */,
			);
		};
/* End PBXProject section */

/* Begin PBXResourcesBuildPhase section */
		3A25CDEE23DC78AC002FD768 /* Resources */ = {
			isa = PBXResourcesBuildPhase;
			buildActionMask = 2147483647;
			files = (
				3A25CE0023DC78AE002FD768 /* LaunchScreen.storyboard in Resources */,
				3A25CDFD23DC78AE002FD768 /* Assets.xcassets in Resources */,
				3A25CDFB23DC78AD002FD768 /* Main.storyboard in Resources */,
			);
			runOnlyForDeploymentPostprocessing = 0;
		};
		3A25CE0423DC78AE002FD768 /* Resources */ = {
			isa = PBXResourcesBuildPhase;
			buildActionMask = 2147483647;
			files = (
			);
			runOnlyForDeploymentPostprocessing = 0;
		};
		3A25CE0F23DC78AE002FD768 /* Resources */ = {
			isa = PBXResourcesBuildPhase;
			buildActionMask = 2147483647;
			files = (
			);
			runOnlyForDeploymentPostprocessing = 0;
		};
/* End PBXResourcesBuildPhase section */

/* Begin PBXSourcesBuildPhase section */
		3A25CDEC23DC78AC002FD768 /* Sources */ = {
			isa = PBXSourcesBuildPhase;
			buildActionMask = 2147483647;
			files = (
				3A25CDF823DC78AD002FD768 /* ViewController.swift in Sources */,
				3A25CDF423DC78AC002FD768 /* AppDelegate.swift in Sources */,
				3A25CDF623DC78AD002FD768 /* SceneDelegate.swift in Sources */,
			);
			runOnlyForDeploymentPostprocessing = 0;
		};
		3A25CE0223DC78AE002FD768 /* Sources */ = {
			isa = PBXSourcesBuildPhase;
			buildActionMask = 2147483647;
			files = (
				3A25CE0B23DC78AE002FD768 /* UdderTests.swift in Sources */,
			);
			runOnlyForDeploymentPostprocessing = 0;
		};
		3A25CE0D23DC78AE002FD768 /* Sources */ = {
			isa = PBXSourcesBuildPhase;
			buildActionMask = 2147483647;
			files = (
				3A25CE1623DC78AE002FD768 /* UdderUITests.swift in Sources */,
			);
			runOnlyForDeploymentPostprocessing = 0;
		};
/* End PBXSourcesBuildPhase section */

/* Begin PBXTargetDependency section */
		3A25CE0823DC78AE002FD768 /* PBXTargetDependency */ = {
			isa = PBXTargetDependency;
			target = 3A25CDEF23DC78AC002FD768 /* Udder */;
			targetProxy = 3A25CE0723DC78AE002FD768 /* PBXContainerItemProxy */;
		};
		3A25CE1323DC78AE002FD768 /* PBXTargetDependency */ = {
			isa = PBXTargetDependency;
			target = 3A25CDEF23DC78AC002FD768 /* Udder */;
			targetProxy = 3A25CE1223DC78AE002FD768 /* PBXContainerItemProxy */;
		};
/* End PBXTargetDependency section */

/* Begin PBXVariantGroup section */
		3A25CDF923DC78AD002FD768 /* Main.storyboard */ = {
			isa = PBXVariantGroup;
			children = (
				3A25CDFA23DC78AD002FD768 /* Base */,
			);
			name = Main.storyboard;
			sourceTree = "<group>";
		};
		3A25CDFE23DC78AE002FD768 /* LaunchScreen.storyboard */ = {
			isa = PBXVariantGroup;
			children = (
				3A25CDFF23DC78AE002FD768 /* Base */,
			);
			name = LaunchScreen.storyboard;
			sourceTree = "<group>";
		};
/* End PBXVariantGroup section */

/* Begin XCBuildConfiguration section */
		3A25CE1823DC78AE002FD768 /* Debug */ = {
			isa = XCBuildConfiguration;
			buildSettings = {
				ALWAYS_SEARCH_USER_PATHS = NO;
				CLANG_ANALYZER_NONNULL = YES;
				CLANG_ANALYZER_NUMBER_OBJECT_CONVERSION = YES_AGGRESSIVE;
				CLANG_CXX_LANGUAGE_STANDARD = "gnu++14";
				CLANG_CXX_LIBRARY = "libc++";
				CLANG_ENABLE_MODULES = YES;
				CLANG_ENABLE_OBJC_ARC = YES;
				CLANG_ENABLE_OBJC_WEAK = YES;
				CLANG_WARN_BLOCK_CAPTURE_AUTORELEASING = YES;
				CLANG_WARN_BOOL_CONVERSION = YES;
				CLANG_WARN_COMMA = YES;
				CLANG_WARN_CONSTANT_CONVERSION = YES;
				CLANG_WARN_DEPRECATED_OBJC_IMPLEMENTATIONS = YES;
				CLANG_WARN_DIRECT_OBJC_ISA_USAGE = YES_ERROR;
				CLANG_WARN_DOCUMENTATION_COMMENTS = YES;
				CLANG_WARN_EMPTY_BODY = YES;
				CLANG_WARN_ENUM_CONVERSION = YES;
				CLANG_WARN_INFINITE_RECURSION = YES;
				CLANG_WARN_INT_CONVERSION = YES;
				CLANG_WARN_NON_LITERAL_NULL_CONVERSION = YES;
				CLANG_WARN_OBJC_IMPLICIT_RETAIN_SELF = YES;
				CLANG_WARN_OBJC_LITERAL_CONVERSION = YES;
				CLANG_WARN_OBJC_ROOT_CLASS = YES_ERROR;
				CLANG_WARN_RANGE_LOOP_ANALYSIS = YES;
				CLANG_WARN_STRICT_PROTOTYPES = YES;
				CLANG_WARN_SUSPICIOUS_MOVE = YES;
				CLANG_WARN_UNGUARDED_AVAILABILITY = YES_AGGRESSIVE;
				CLANG_WARN_UNREACHABLE_CODE = YES;
				CLANG_WARN__DUPLICATE_METHOD_MATCH = YES;
				COPY_PHASE_STRIP = NO;
				DEBUG_INFORMATION_FORMAT = dwarf;
				ENABLE_STRICT_OBJC_MSGSEND = YES;
				ENABLE_TESTABILITY = YES;
				GCC_C_LANGUAGE_STANDARD = gnu11;
				GCC_DYNAMIC_NO_PIC = NO;
				GCC_NO_COMMON_BLOCKS = YES;
				GCC_OPTIMIZATION_LEVEL = 0;
				GCC_PREPROCESSOR_DEFINITIONS = (
					"DEBUG=1",
					"$(inherited)",
				);
				GCC_WARN_64_TO_32_BIT_CONVERSION = YES;
				GCC_WARN_ABOUT_RETURN_TYPE = YES_ERROR;
				GCC_WARN_UNDECLARED_SELECTOR = YES;
				GCC_WARN_UNINITIALIZED_AUTOS = YES_AGGRESSIVE;
				GCC_WARN_UNUSED_FUNCTION = YES;
				GCC_WARN_UNUSED_VARIABLE = YES;
				IPHONEOS_DEPLOYMENT_TARGET = 13.2;
				MTL_ENABLE_DEBUG_INFO = INCLUDE_SOURCE;
				MTL_FAST_MATH = YES;
				ONLY_ACTIVE_ARCH = YES;
				SDKROOT = iphoneos;
				SWIFT_ACTIVE_COMPILATION_CONDITIONS = DEBUG;
				SWIFT_OPTIMIZATION_LEVEL = "-Onone";
			};
			name = Debug;
		};
		3A25CE1923DC78AE002FD768 /* Release */ = {
			isa = XCBuildConfiguration;
			buildSettings = {
				ALWAYS_SEARCH_USER_PATHS = NO;
				CLANG_ANALYZER_NONNULL = YES;
				CLANG_ANALYZER_NUMBER_OBJECT_CONVERSION = YES_AGGRESSIVE;
				CLANG_CXX_LANGUAGE_STANDARD = "gnu++14";
				CLANG_CXX_LIBRARY = "libc++";
				CLANG_ENABLE_MODULES = YES;
				CLANG_ENABLE_OBJC_ARC = YES;
				CLANG_ENABLE_OBJC_WEAK = YES;
				CLANG_WARN_BLOCK_CAPTURE_AUTORELEASING = YES;
				CLANG_WARN_BOOL_CONVERSION = YES;
				CLANG_WARN_COMMA = YES;
				CLANG_WARN_CONSTANT_CONVERSION = YES;
				CLANG_WARN_DEPRECATED_OBJC_IMPLEMENTATIONS = YES;
				CLANG_WARN_DIRECT_OBJC_ISA_USAGE = YES_ERROR;
				CLANG_WARN_DOCUMENTATION_COMMENTS = YES;
				CLANG_WARN_EMPTY_BODY = YES;
				CLANG_WARN_ENUM_CONVERSION = YES;
				CLANG_WARN_INFINITE_RECURSION = YES;
				CLANG_WARN_INT_CONVERSION = YES;
				CLANG_WARN_NON_LITERAL_NULL_CONVERSION = YES;
				CLANG_WARN_OBJC_IMPLICIT_RETAIN_SELF = YES;
				CLANG_WARN_OBJC_LITERAL_CONVERSION = YES;
				CLANG_WARN_OBJC_ROOT_CLASS = YES_ERROR;
				CLANG_WARN_RANGE_LOOP_ANALYSIS = YES;
				CLANG_WARN_STRICT_PROTOTYPES = YES;
				CLANG_WARN_SUSPICIOUS_MOVE = YES;
				CLANG_WARN_UNGUARDED_AVAILABILITY = YES_AGGRESSIVE;
				CLANG_WARN_UNREACHABLE_CODE = YES;
				CLANG_WARN__DUPLICATE_METHOD_MATCH = YES;
				COPY_PHASE_STRIP = NO;
				DEBUG_INFORMATION_FORMAT = "dwarf-with-dsym";
				ENABLE_NS_ASSERTIONS = NO;
				ENABLE_STRICT_OBJC_MSGSEND = YES;
				GCC_C_LANGUAGE_STANDARD = gnu11;
				GCC_NO_COMMON_BLOCKS = YES;
				GCC_WARN_64_TO_32_BIT_CONVERSION = YES;
				GCC_WARN_ABOUT_RETURN_TYPE = YES_ERROR;
				GCC_WARN_UNDECLARED_SELECTOR = YES;
				GCC_WARN_UNINITIALIZED_AUTOS = YES_AGGRESSIVE;
				GCC_WARN_UNUSED_FUNCTION = YES;
				GCC_WARN_UNUSED_VARIABLE = YES;
				IPHONEOS_DEPLOYMENT_TARGET = 13.2;
				MTL_ENABLE_DEBUG_INFO = NO;
				MTL_FAST_MATH = YES;
				SDKROOT = iphoneos;
				SWIFT_COMPILATION_MODE = wholemodule;
				SWIFT_OPTIMIZATION_LEVEL = "-O";
				VALIDATE_PRODUCT = YES;
			};
			name = Release;
		};
		3A25CE1B23DC78AE002FD768 /* Debug */ = {
			isa = XCBuildConfiguration;
			buildSettings = {
				ASSETCATALOG_COMPILER_APPICON_NAME = AppIcon;
				CODE_SIGN_STYLE = Automatic;
				DEVELOPMENT_TEAM = 3339537SZN;
				INFOPLIST_FILE = Udder/Info.plist;
				LD_RUNPATH_SEARCH_PATHS = (
					"$(inherited)",
					"@executable_path/Frameworks",
				);
				PRODUCT_BUNDLE_IDENTIFIER = riccardo.riccardo.test.Udder;
				PRODUCT_NAME = "$(TARGET_NAME)";
				SWIFT_VERSION = 5.0;
				TARGETED_DEVICE_FAMILY = "1,2";
			};
			name = Debug;
		};
		3A25CE1C23DC78AE002FD768 /* Release */ = {
			isa = XCBuildConfiguration;
			buildSettings = {
				ASSETCATALOG_COMPILER_APPICON_NAME = AppIcon;
				CODE_SIGN_STYLE = Automatic;
				DEVELOPMENT_TEAM = 3339537SZN;
				INFOPLIST_FILE = Udder/Info.plist;
				LD_RUNPATH_SEARCH_PATHS = (
					"$(inherited)",
					"@executable_path/Frameworks",
				);
				PRODUCT_BUNDLE_IDENTIFIER = riccardo.riccardo.test.Udder;
				PRODUCT_NAME = "$(TARGET_NAME)";
				SWIFT_VERSION = 5.0;
				TARGETED_DEVICE_FAMILY = "1,2";
			};
			name = Release;
		};
		3A25CE1E23DC78AE002FD768 /* Debug */ = {
			isa = XCBuildConfiguration;
			buildSettings = {
				ALWAYS_EMBED_SWIFT_STANDARD_LIBRARIES = YES;
				BUNDLE_LOADER = "$(TEST_HOST)";
				CODE_SIGN_STYLE = Automatic;
				DEVELOPMENT_TEAM = 3339537SZN;
				INFOPLIST_FILE = UdderTests/Info.plist;
				IPHONEOS_DEPLOYMENT_TARGET = 13.2;
				LD_RUNPATH_SEARCH_PATHS = (
					"$(inherited)",
					"@executable_path/Frameworks",
					"@loader_path/Frameworks",
				);
				PRODUCT_BUNDLE_IDENTIFIER = riccardo.riccardo.test.UdderTests;
				PRODUCT_NAME = "$(TARGET_NAME)";
				SWIFT_VERSION = 5.0;
				TARGETED_DEVICE_FAMILY = "1,2";
				TEST_HOST = "$(BUILT_PRODUCTS_DIR)/Udder.app/Udder";
			};
			name = Debug;
		};
		3A25CE1F23DC78AE002FD768 /* Release */ = {
			isa = XCBuildConfiguration;
			buildSettings = {
				ALWAYS_EMBED_SWIFT_STANDARD_LIBRARIES = YES;
				BUNDLE_LOADER = "$(TEST_HOST)";
				CODE_SIGN_STYLE = Automatic;
				DEVELOPMENT_TEAM = 3339537SZN;
				INFOPLIST_FILE = UdderTests/Info.plist;
				IPHONEOS_DEPLOYMENT_TARGET = 13.2;
				LD_RUNPATH_SEARCH_PATHS = (
					"$(inherited)",
					"@executable_path/Frameworks",
					"@loader_path/Frameworks",
				);
				PRODUCT_BUNDLE_IDENTIFIER = riccardo.riccardo.test.UdderTests;
				PRODUCT_NAME = "$(TARGET_NAME)";
				SWIFT_VERSION = 5.0;
				TARGETED_DEVICE_FAMILY = "1,2";
				TEST_HOST = "$(BUILT_PRODUCTS_DIR)/Udder.app/Udder";
			};
			name = Release;
		};
		3A25CE2123DC78AE002FD768 /* Debug */ = {
			isa = XCBuildConfiguration;
			buildSettings = {
				ALWAYS_EMBED_SWIFT_STANDARD_LIBRARIES = YES;
				CODE_SIGN_STYLE = Automatic;
				DEVELOPMENT_TEAM = 3339537SZN;
				INFOPLIST_FILE = UdderUITests/Info.plist;
				LD_RUNPATH_SEARCH_PATHS = (
					"$(inherited)",
					"@executable_path/Frameworks",
					"@loader_path/Frameworks",
				);
				PRODUCT_BUNDLE_IDENTIFIER = riccardo.riccardo.test.UdderUITests;
				PRODUCT_NAME = "$(TARGET_NAME)";
				SWIFT_VERSION = 5.0;
				TARGETED_DEVICE_FAMILY = "1,2";
				TEST_TARGET_NAME = Udder;
			};
			name = Debug;
		};
		3A25CE2223DC78AE002FD768 /* Release */ = {
			isa = XCBuildConfiguration;
			buildSettings = {
				ALWAYS_EMBED_SWIFT_STANDARD_LIBRARIES = YES;
				CODE_SIGN_STYLE = Automatic;
				DEVELOPMENT_TEAM = 3339537SZN;
				INFOPLIST_FILE = UdderUITests/Info.plist;
				LD_RUNPATH_SEARCH_PATHS = (
					"$(inherited)",
					"@executable_path/Frameworks",
					"@loader_path/Frameworks",
				);
				PRODUCT_BUNDLE_IDENTIFIER = riccardo.riccardo.test.UdderUITests;
				PRODUCT_NAME = "$(TARGET_NAME)";
				SWIFT_VERSION = 5.0;
				TARGETED_DEVICE_FAMILY = "1,2";
				TEST_TARGET_NAME = Udder;
			};
			name = Release;
		};
/* End XCBuildConfiguration section */

/* Begin XCConfigurationList section */
		3A25CDEB23DC78AC002FD768 /* Build configuration list for PBXProject "Udder" */ = {
			isa = XCConfigurationList;
			buildConfigurations = (
				3A25CE1823DC78AE002FD768 /* Debug */,
				3A25CE1923DC78AE002FD768 /* Release */,
			);
			defaultConfigurationIsVisible = 0;
			defaultConfigurationName = Release;
		};
		3A25CE1A23DC78AE002FD768 /* Build configuration list for PBXNativeTarget "Udder" */ = {
			isa = XCConfigurationList;
			buildConfigurations = (
				3A25CE1B23DC78AE002FD768 /* Debug */,
				3A25CE1C23DC78AE002FD768 /* Release */,
			);
			defaultConfigurationIsVisible = 0;
			defaultConfigurationName = Release;
		};
		3A25CE1D23DC78AE002FD768 /* Build configuration list for PBXNativeTarget "UdderTests" */ = {
			isa = XCConfigurationList;
			buildConfigurations = (
				3A25CE1E23DC78AE002FD768 /* Debug */,
				3A25CE1F23DC78AE002FD768 /* Release */,
			);
			defaultConfigurationIsVisible = 0;
			defaultConfigurationName = Release;
		};
		3A25CE2023DC78AE002FD768 /* Build configuration list for PBXNativeTarget "UdderUITests" */ = {
			isa = XCConfigurationList;
			buildConfigurations = (
				3A25CE2123DC78AE002FD768 /* Debug */,
				3A25CE2223DC78AE002FD768 /* Release */,
			);
			defaultConfigurationIsVisible = 0;
			defaultConfigurationName = Release;
		};
/* End XCConfigurationList section */
	};
	rootObject = 3A25CDE823DC78AC002FD768 /* Project object */;
}
